
Microsoft Visual Studio Solution File, Format Version 12.00
# Visual Studio Version 16
VisualStudioVersion = 16.0.31729.503
MinimumVisualStudioVersion = 10.0.40219.1
Project("{FAE04EC0-301F-11D3-BF4B-00C04F79EFBC}") = "AccoutingWebApplication", "AccoutingWebApplication\AccoutingWebApplication.csproj", "{EAE64694-8D3B-4A76-AF48-84CAC9E71F1D}"
EndProject
Global
	GlobalSection(SolutionConfigurationPlatforms) = preSolution
		Debug|Any CPU = Debug|Any CPU
		Release|Any CPU = Release|Any CPU
	EndGlobalSection
	GlobalSection(ProjectConfigurationPlatforms) = postSolution
		{EAE64694-8D3B-4A76-AF48-84CAC9E71F1D}.Debug|Any CPU.ActiveCfg = Debug|Any CPU
		{EAE64694-8D3B-4A76-AF48-84CAC9E71F1D}.Debug|Any CPU.Build.0 = Debug|Any CPU
		{EAE64694-8D3B-4A76-AF48-84CAC9E71F1D}.Release|Any CPU.ActiveCfg = Release|Any CPU
		{EAE64694-8D3B-4A76-AF48-84CAC9E71F1D}.Release|Any CPU.Build.0 = Release|Any CPU
	EndGlobalSection
	GlobalSection(SolutionProperties) = preSolution
		HideSolutionNode = FALSE
	EndGlobalSection
	GlobalSection(ExtensibilityGlobals) = postSolution
		SolutionGuid = {C518F851-4423-451A-9A29-C5DF3EB891F8}
	EndGlobalSection
EndGlobal
